{
  "version": 4,
  "terraform_version": "0.12.6",
  "serial": 1,
  "lineage": "23d3a630-61cc-198b-5b17-49638e1699b2",
  "outputs": {},
  "resources": [
    {
      "mode": "data",
      "type": "aws_ip_ranges",
      "name": "european_ec2",
      "provider": "provider.aws",
      "instances": [
        {
          "schema_version": 0,
          "attributes": {
            "cidr_blocks": [
              "108.128.0.0/13",
              "162.213.232.0/24",
              "162.213.233.0/24",
              "162.213.234.0/23",
              "176.34.128.0/17",
              "176.34.64.0/18",
              "18.153.0.0/16",
              "18.184.0.0/15",
              "18.194.0.0/15",
              "18.196.0.0/15",
              "18.200.0.0/16",
              "18.201.0.0/16",
              "18.202.0.0/15",
              "185.48.120.0/22",
              "208.86.90.0/23",
              "3.120.0.0/14",
              "3.124.0.0/14",
              "3.248.0.0/13",
              "34.240.0.0/13",
              "34.248.0.0/13",
              "35.156.0.0/14",
              "46.137.0.0/17",
              "46.137.128.0/18",
              "46.51.128.0/18",
              "46.51.192.0/20",
              "52.16.0.0/15",
              "52.18.0.0/15",
              "52.208.0.0/13",
              "52.28.0.0/16",
              "52.29.0.0/16",
              "52.30.0.0/15",
              "52.46.184.0/22",
              "52.48.0.0/14",
              "52.57.0.0/16",
              "52.58.0.0/15",
              "52.94.248.112/28",
              "52.94.248.16/28",
              "52.95.244.0/24",
              "52.95.248.0/24",
              "52.95.255.128/28",
              "52.95.255.64/28",
              "54.154.0.0/16",
              "54.155.0.0/16",
              "54.170.0.0/15",
              "54.194.0.0/15",
              "54.216.0.0/15",
              "54.220.0.0/16",
              "54.228.0.0/16",
              "54.229.0.0/16",
              "54.246.0.0/16",
              "54.247.0.0/16",
              "54.72.0.0/15",
              "54.74.0.0/15",
              "54.76.0.0/15",
              "54.78.0.0/16",
              "54.93.0.0/16",
              "63.32.0.0/14",
              "79.125.0.0/17",
              "99.77.133.0/24",
              "99.77.136.0/24",
              "99.80.0.0/15"
            ],
            "create_date": "2019-09-06-00-13-08",
            "id": "1567728788",
            "ipv6_cidr_blocks": [
              "2a01:578:13::/64",
              "2a01:578:3::/64",
              "2a05:d000:4000::/40",
              "2a05:d000:8000::/40",
              "2a05:d014::/36",
              "2a05:d018::/36",
              "2a05:d07f:4000::/40",
              "2a05:d07f:8000::/40"
            ],
            "regions": [
              "eu-central-1",
              "eu-west-1"
            ],
            "services": [
              "ec2"
            ],
            "sync_token": 1567728788,
            "url": "https://ip-ranges.amazonaws.com/ip-ranges.json"
          }
        }
      ]
    },
    {
      "mode": "managed",
      "type": "aws_security_group",
      "name": "from_europe",
      "provider": "provider.aws",
      "instances": [
        {
          "status": "tainted",
          "schema_version": 1,
          "attributes": {
            "arn": null,
            "description": "Managed by Terraform",
            "egress": [],
            "id": "sg-0d2859f4ef622e2f8",
            "ingress": [
              {
                "cidr_blocks": [
                  "108.128.0.0/13",
                  "162.213.232.0/24",
                  "162.213.233.0/24",
                  "162.213.234.0/23",
                  "176.34.128.0/17",
                  "176.34.64.0/18",
                  "18.153.0.0/16",
                  "18.184.0.0/15",
                  "18.194.0.0/15",
                  "18.196.0.0/15",
                  "18.200.0.0/16",
                  "18.201.0.0/16",
                  "18.202.0.0/15",
                  "185.48.120.0/22",
                  "208.86.90.0/23",
                  "3.120.0.0/14",
                  "3.124.0.0/14",
                  "3.248.0.0/13",
                  "34.240.0.0/13",
                  "34.248.0.0/13",
                  "35.156.0.0/14",
                  "46.137.0.0/17",
                  "46.137.128.0/18",
                  "46.51.128.0/18",
                  "46.51.192.0/20",
                  "52.16.0.0/15",
                  "52.18.0.0/15",
                  "52.208.0.0/13",
                  "52.28.0.0/16",
                  "52.29.0.0/16",
                  "52.30.0.0/15",
                  "52.46.184.0/22",
                  "52.48.0.0/14",
                  "52.57.0.0/16",
                  "52.58.0.0/15",
                  "52.94.248.112/28",
                  "52.94.248.16/28",
                  "52.95.244.0/24",
                  "52.95.248.0/24",
                  "52.95.255.128/28",
                  "52.95.255.64/28",
                  "54.154.0.0/16",
                  "54.155.0.0/16",
                  "54.170.0.0/15",
                  "54.194.0.0/15",
                  "54.216.0.0/15",
                  "54.220.0.0/16",
                  "54.228.0.0/16",
                  "54.229.0.0/16",
                  "54.246.0.0/16",
                  "54.247.0.0/16",
                  "54.72.0.0/15",
                  "54.74.0.0/15",
                  "54.76.0.0/15",
                  "54.78.0.0/16",
                  "54.93.0.0/16",
                  "63.32.0.0/14",
                  "79.125.0.0/17",
                  "99.77.133.0/24",
                  "99.77.136.0/24",
                  "99.80.0.0/15"
                ],
                "description": "",
                "from_port": 443,
                "ipv6_cidr_blocks": [],
                "prefix_list_ids": [],
                "protocol": "tcp",
                "security_groups": [],
                "self": false,
                "to_port": 443
              }
            ],
            "name": "from_europe",
            "name_prefix": null,
            "owner_id": null,
            "revoke_rules_on_delete": false,
            "tags": {
              "CreateDate": "2019-09-06-00-13-08",
              "SyncToken": "1567728788"
            },
            "timeouts": null,
            "vpc_id": null
          },
          "private": "eyJlMmJmYjczMC1lY2FhLTExZTYtOGY4OC0zNDM2M2JjN2M0YzAiOnsiY3JlYXRlIjo2MDAwMDAwMDAwMDAsImRlbGV0ZSI6NjAwMDAwMDAwMDAwfSwic2NoZW1hX3ZlcnNpb24iOiIxIn0=",
          "depends_on": [
            "data.aws_ip_ranges.european_ec2"
          ]
        }
      ]
    }
  ]
}
