{
  "version": 4,
  "terraform_version": "0.12.6",
  "serial": 10,
  "lineage": "d922935e-98f9-7cb1-d794-eb88287f7600",
  "outputs": {},
  "resources": [
    {
      "module": "module.network_lb",
      "mode": "managed",
      "type": "aws_eip",
      "name": "eip_nlb",
      "provider": "provider.aws",
      "instances": [
        {
          "schema_version": 0,
          "attributes": {
            "allocation_id": null,
            "associate_with_private_ip": null,
            "association_id": "eipassoc-0c9818a606559a0ee",
            "domain": "vpc",
            "id": "eipalloc-0d3d6540c1526f14b",
            "instance": "",
            "network_interface": "eni-064e9ba2b365a157b",
            "private_dns": "ip-172-31-32-168.eu-west-1.compute.internal",
            "private_ip": "172.31.32.168",
            "public_dns": "ec2-52-50-92-247.eu-west-1.compute.amazonaws.com",
            "public_ip": "52.50.92.247",
            "public_ipv4_pool": "amazon",
            "tags": {
              "Env": "test",
              "Name": "test-network-lb-eip"
            },
            "timeouts": null,
            "vpc": true
          },
          "private": "eyJlMmJmYjczMC1lY2FhLTExZTYtOGY4OC0zNDM2M2JjN2M0YzAiOnsiZGVsZXRlIjoxODAwMDAwMDAwMDAsInJlYWQiOjkwMDAwMDAwMDAwMCwidXBkYXRlIjozMDAwMDAwMDAwMDB9fQ=="
        }
      ]
    },
    {
      "module": "module.network_lb",
      "mode": "managed",
      "type": "aws_lb",
      "name": "load_balancer",
      "provider": "provider.aws",
      "instances": [
        {
          "schema_version": 0,
          "attributes": {
            "access_logs": [
              {
                "bucket": "",
                "enabled": false,
                "prefix": ""
              }
            ],
            "arn": "arn:aws:elasticloadbalancing:eu-west-1:939397960465:loadbalancer/net/test-network-lb/756e70f9948593e8",
            "arn_suffix": "net/test-network-lb/756e70f9948593e8",
            "dns_name": "test-network-lb-756e70f9948593e8.elb.eu-west-1.amazonaws.com",
            "enable_cross_zone_load_balancing": false,
            "enable_deletion_protection": false,
            "enable_http2": null,
            "id": "arn:aws:elasticloadbalancing:eu-west-1:939397960465:loadbalancer/net/test-network-lb/756e70f9948593e8",
            "idle_timeout": null,
            "internal": false,
            "ip_address_type": "ipv4",
            "load_balancer_type": "network",
            "name": "test-network-lb",
            "name_prefix": null,
            "security_groups": [],
            "subnet_mapping": [
              {
                "allocation_id": "eipalloc-0d3d6540c1526f14b",
                "subnet_id": "subnet-1d8c0f47"
              }
            ],
            "subnets": [
              "subnet-1d8c0f47"
            ],
            "tags": {
              "Environment": "test"
            },
            "timeouts": null,
            "vpc_id": "vpc-14667272",
            "zone_id": "Z2IFOLAFXWLO4F"
          },
          "private": "eyJlMmJmYjczMC1lY2FhLTExZTYtOGY4OC0zNDM2M2JjN2M0YzAiOnsiY3JlYXRlIjo2MDAwMDAwMDAwMDAsImRlbGV0ZSI6NjAwMDAwMDAwMDAwLCJ1cGRhdGUiOjYwMDAwMDAwMDAwMH19",
          "depends_on": [
            "aws_eip.eip_nlb"
          ]
        }
      ]
    },
    {
      "module": "module.network_lb",
      "mode": "managed",
      "type": "aws_lb_listener",
      "name": "listener",
      "each": "map",
      "provider": "provider.aws",
      "instances": [
        {
          "index_key": "443",
          "schema_version": 0,
          "attributes": {
            "arn": "arn:aws:elasticloadbalancing:eu-west-1:939397960465:listener/net/test-network-lb/756e70f9948593e8/bb7c61a3d6c3cc04",
            "certificate_arn": null,
            "default_action": [
              {
                "authenticate_cognito": [],
                "authenticate_oidc": [],
                "fixed_response": [],
                "order": 1,
                "redirect": [],
                "target_group_arn": "arn:aws:elasticloadbalancing:eu-west-1:939397960465:targetgroup/test-tg-test-nlb-tg-443/c475a70d6836be3a",
                "type": "forward"
              }
            ],
            "id": "arn:aws:elasticloadbalancing:eu-west-1:939397960465:listener/net/test-network-lb/756e70f9948593e8/bb7c61a3d6c3cc04",
            "load_balancer_arn": "arn:aws:elasticloadbalancing:eu-west-1:939397960465:loadbalancer/net/test-network-lb/756e70f9948593e8",
            "port": 443,
            "protocol": "TCP",
            "ssl_policy": "",
            "timeouts": null
          },
          "private": "eyJlMmJmYjczMC1lY2FhLTExZTYtOGY4OC0zNDM2M2JjN2M0YzAiOnsicmVhZCI6NjAwMDAwMDAwMDAwfX0=",
          "depends_on": [
            "aws_lb.load_balancer",
            "aws_lb_target_group.tg"
          ]
        },
        {
          "index_key": "80",
          "schema_version": 0,
          "attributes": {
            "arn": "arn:aws:elasticloadbalancing:eu-west-1:939397960465:listener/net/test-network-lb/756e70f9948593e8/d39876777c95a313",
            "certificate_arn": null,
            "default_action": [
              {
                "authenticate_cognito": [],
                "authenticate_oidc": [],
                "fixed_response": [],
                "order": 1,
                "redirect": [],
                "target_group_arn": "arn:aws:elasticloadbalancing:eu-west-1:939397960465:targetgroup/test-tg-test-nlb-tg-80/a3c80682c75b6e6d",
                "type": "forward"
              }
            ],
            "id": "arn:aws:elasticloadbalancing:eu-west-1:939397960465:listener/net/test-network-lb/756e70f9948593e8/d39876777c95a313",
            "load_balancer_arn": "arn:aws:elasticloadbalancing:eu-west-1:939397960465:loadbalancer/net/test-network-lb/756e70f9948593e8",
            "port": 80,
            "protocol": "TCP",
            "ssl_policy": "",
            "timeouts": null
          },
          "private": "eyJlMmJmYjczMC1lY2FhLTExZTYtOGY4OC0zNDM2M2JjN2M0YzAiOnsicmVhZCI6NjAwMDAwMDAwMDAwfX0=",
          "depends_on": [
            "aws_lb.load_balancer",
            "aws_lb_target_group.tg"
          ]
        }
      ]
    },
    {
      "module": "module.network_lb",
      "mode": "managed",
      "type": "aws_lb_target_group",
      "name": "tg",
      "each": "map",
      "provider": "provider.aws",
      "instances": [
        {
          "index_key": "443",
          "schema_version": 0,
          "attributes": {
            "arn": "arn:aws:elasticloadbalancing:eu-west-1:939397960465:targetgroup/test-tg-test-nlb-tg-443/c475a70d6836be3a",
            "arn_suffix": "targetgroup/test-tg-test-nlb-tg-443/c475a70d6836be3a",
            "deregistration_delay": 90,
            "health_check": [
              {
                "enabled": true,
                "healthy_threshold": 3,
                "interval": 30,
                "matcher": "",
                "path": "",
                "port": "443",
                "protocol": "TCP",
                "timeout": 10,
                "unhealthy_threshold": 3
              }
            ],
            "id": "arn:aws:elasticloadbalancing:eu-west-1:939397960465:targetgroup/test-tg-test-nlb-tg-443/c475a70d6836be3a",
            "lambda_multi_value_headers_enabled": false,
            "name": "test-tg-test-nlb-tg-443",
            "name_prefix": null,
            "port": 443,
            "protocol": "TCP",
            "proxy_protocol_v2": false,
            "slow_start": 0,
            "stickiness": [],
            "tags": {
              "Environment": "test"
            },
            "target_type": "instance",
            "vpc_id": "vpc-14667272"
          },
          "private": "bnVsbA=="
        },
        {
          "index_key": "80",
          "schema_version": 0,
          "attributes": {
            "arn": "arn:aws:elasticloadbalancing:eu-west-1:939397960465:targetgroup/test-tg-test-nlb-tg-80/a3c80682c75b6e6d",
            "arn_suffix": "targetgroup/test-tg-test-nlb-tg-80/a3c80682c75b6e6d",
            "deregistration_delay": 90,
            "health_check": [
              {
                "enabled": true,
                "healthy_threshold": 3,
                "interval": 30,
                "matcher": "",
                "path": "",
                "port": "80",
                "protocol": "TCP",
                "timeout": 10,
                "unhealthy_threshold": 3
              }
            ],
            "id": "arn:aws:elasticloadbalancing:eu-west-1:939397960465:targetgroup/test-tg-test-nlb-tg-80/a3c80682c75b6e6d",
            "lambda_multi_value_headers_enabled": false,
            "name": "test-tg-test-nlb-tg-80",
            "name_prefix": null,
            "port": 80,
            "protocol": "TCP",
            "proxy_protocol_v2": false,
            "slow_start": 0,
            "stickiness": [],
            "tags": {
              "Environment": "test"
            },
            "target_type": "instance",
            "vpc_id": "vpc-14667272"
          },
          "private": "bnVsbA=="
        }
      ]
    },
    {
      "module": "module.network_lb",
      "mode": "managed",
      "type": "aws_lb_target_group_attachment",
      "name": "tga1",
      "each": "map",
      "provider": "provider.aws",
      "instances": [
        {
          "index_key": "443",
          "schema_version": 0,
          "attributes": {
            "availability_zone": null,
            "id": "arn:aws:elasticloadbalancing:eu-west-1:939397960465:targetgroup/test-tg-test-nlb-tg-443/c475a70d6836be3a-20190909143359860800000002",
            "port": 443,
            "target_group_arn": "arn:aws:elasticloadbalancing:eu-west-1:939397960465:targetgroup/test-tg-test-nlb-tg-443/c475a70d6836be3a",
            "target_id": "i-0f796d35e0b0b6639"
          },
          "private": "bnVsbA==",
          "depends_on": [
            "aws_lb_target_group.tg"
          ]
        },
        {
          "index_key": "80",
          "schema_version": 0,
          "attributes": {
            "availability_zone": null,
            "id": "arn:aws:elasticloadbalancing:eu-west-1:939397960465:targetgroup/test-tg-test-nlb-tg-80/a3c80682c75b6e6d-20190909143359478800000001",
            "port": 80,
            "target_group_arn": "arn:aws:elasticloadbalancing:eu-west-1:939397960465:targetgroup/test-tg-test-nlb-tg-80/a3c80682c75b6e6d",
            "target_id": "i-0f796d35e0b0b6639"
          },
          "private": "bnVsbA==",
          "depends_on": [
            "aws_lb_target_group.tg"
          ]
        }
      ]
    }
  ]
}
