{
  "version": 4,
  "terraform_version": "0.12.6",
  "serial": 40,
  "lineage": "022eccad-1b3a-117d-13c6-69d7887e9bbf",
  "outputs": {},
  "resources": [
    {
      "mode": "managed",
      "type": "aws_instance",
      "name": "example",
      "provider": "provider.aws",
      "instances": [
        {
          "schema_version": 1,
          "attributes": {
            "ami": "ami-844e0bf7",
            "arn": "arn:aws:ec2:eu-west-1:939397960465:instance/i-0f796d35e0b0b6639",
            "associate_public_ip_address": true,
            "availability_zone": "eu-west-1b",
            "cpu_core_count": 1,
            "cpu_threads_per_core": 1,
            "credit_specification": [
              {
                "cpu_credits": "standard"
              }
            ],
            "disable_api_termination": false,
            "ebs_block_device": [],
            "ebs_optimized": false,
            "ephemeral_block_device": [],
            "get_password_data": false,
            "host_id": null,
            "iam_instance_profile": "",
            "id": "i-0f796d35e0b0b6639",
            "instance_initiated_shutdown_behavior": null,
            "instance_state": "running",
            "instance_type": "t2.micro",
            "ipv6_address_count": 0,
            "ipv6_addresses": [],
            "key_name": "mykey",
            "monitoring": false,
            "network_interface": [],
            "network_interface_id": null,
            "password_data": "",
            "placement_group": "",
            "primary_network_interface_id": "eni-00075adaae1cb47e8",
            "private_dns": "ip-172-31-4-134.eu-west-1.compute.internal",
            "private_ip": "172.31.4.134",
            "public_dns": "ec2-34-252-61-19.eu-west-1.compute.amazonaws.com",
            "public_ip": "34.252.61.19",
            "root_block_device": [
              {
                "delete_on_termination": true,
                "encrypted": false,
                "iops": 100,
                "kms_key_id": "",
                "volume_id": "vol-02fcc6eb48a4f1d56",
                "volume_size": 8,
                "volume_type": "gp2"
              }
            ],
            "security_groups": [
              "default"
            ],
            "source_dest_check": true,
            "subnet_id": "subnet-82d791e4",
            "tags": null,
            "tenancy": "default",
            "timeouts": null,
            "user_data": null,
            "user_data_base64": null,
            "volume_tags": {},
            "vpc_security_group_ids": [
              "sg-d6e77da1"
            ]
          },
          "private": "eyJlMmJmYjczMC1lY2FhLTExZTYtOGY4OC0zNDM2M2JjN2M0YzAiOnsiY3JlYXRlIjo2MDAwMDAwMDAwMDAsImRlbGV0ZSI6MTIwMDAwMDAwMDAwMCwidXBkYXRlIjo2MDAwMDAwMDAwMDB9LCJzY2hlbWFfdmVyc2lvbiI6IjEifQ==",
          "depends_on": [
            "aws_key_pair.mykey"
          ]
        }
      ]
    },
    {
      "mode": "managed",
      "type": "aws_key_pair",
      "name": "mykey",
      "provider": "provider.aws",
      "instances": [
        {
          "schema_version": 1,
          "attributes": {
            "fingerprint": "ed:12:a9:08:c9:a2:1f:11:9a:e4:62:7f:13:a8:93:23",
            "id": "mykey",
            "key_name": "mykey",
            "key_name_prefix": null,
            "public_key": "---- BEGIN SSH2 PUBLIC KEY ----\r\nComment: \"rsa-key-20190908\"\r\nAAAAB3NzaC1yc2EAAAABJQAAAQEAi44RpYOIddWvB4adQwEd/hN2+5f/giKZlMWH\r\nAl6EhW02loYUhUm5GyG8h3TTB5qro3pv8vHwj7nTr8W2PVs0sW8ga8iH07601P2R\r\nkprDU3xI856fyAa48zt2TSHVDn0Cq+YOTxY+Bjzljspqz7X34WQU5B6rBcNzwYxo\r\n9gV+uZnuuH4dSSqvKHs+RLIhWPzMqerleT/qsm1n68ktF0v0TQ3xZ85/kpr8eE+l\r\nj+Oks7OBXBOoPdbvv1j14AXe6cKyP7NBrvAoFV/ZC4Bdl0bC0umyaNGdGgpJE0Wy\r\nX6gPWrlZVP7jPoZ+hnXNJ94/XjaojU8ZsirsSO8ao6MyigQ6SQ==\r\n---- END SSH2 PUBLIC KEY ----"
          },
          "private": "eyJzY2hlbWFfdmVyc2lvbiI6IjEifQ=="
        }
      ]
    }
  ]
}
